
Microsoft Visual Studio Solution File, Format Version 12.00
# Visual Studio Version 17
VisualStudioVersion = 17.12.35521.163
MinimumVisualStudioVersion = 10.0.40219.1
Project("{2150E333-8FDC-42A3-9474-1A3956D46DE8}") = "Notes", "Notes", "{87B3FECF-C29A-4BE6-8CBD-E287C5304792}"
	ProjectSection(SolutionItems) = preProject
		EndPoints.txt = EndPoints.txt
		EventScenerios.txt = EventScenerios.txt
		Info.txt = Info.txt
	EndProjectSection
EndProject
Project("{2150E333-8FDC-42A3-9474-1A3956D46DE8}") = "Shared", "Shared", "{5F28757E-C718-44EF-8760-34A79AF90951}"
EndProject
Project("{FAE04EC0-301F-11D3-BF4B-00C04F79EFBC}") = "ECommerce.Shared.Library", "src\Shared\ECommerce.Shared.Library\ECommerce.Shared.Library.csproj", "{9643ACDA-5CB7-4083-B5C3-58C579F8F7C5}"
EndProject
Project("{2150E333-8FDC-42A3-9474-1A3956D46DE8}") = "Services", "Services", "{A8C45541-2482-4977-AD90-790A86494D8E}"
EndProject
Project("{2150E333-8FDC-42A3-9474-1A3956D46DE8}") = "Catalog", "Catalog", "{C55BFF1D-F87E-41AE-8D48-6BC19A90F22C}"
EndProject
Project("{FAE04EC0-301F-11D3-BF4B-00C04F79EFBC}") = "ECommerce.Catalog.Domain", "src\Services\Catalog\ECommerce.Catalog.Domain\ECommerce.Catalog.Domain.csproj", "{98A44AF3-1B89-44BC-840A-E69092B392A6}"
EndProject
Project("{FAE04EC0-301F-11D3-BF4B-00C04F79EFBC}") = "ECommerce.Catalog.Application", "src\Services\Catalog\ECommerce.Catalog.Application\ECommerce.Catalog.Application.csproj", "{8B314F92-5EF8-42C9-81A5-38DEBF1B5EAB}"
EndProject
Project("{FAE04EC0-301F-11D3-BF4B-00C04F79EFBC}") = "ECommerce.Catalog.Infrastructure", "src\Services\Catalog\ECommerce.Catalog.Infrastructure\ECommerce.Catalog.Infrastructure.csproj", "{61BE23FF-8AD1-44FF-ABCA-8B14E0AF3131}"
EndProject
Project("{FAE04EC0-301F-11D3-BF4B-00C04F79EFBC}") = "ECommerce.Catalog.API", "src\Services\Catalog\ECommerce.Catalog.API\ECommerce.Catalog.API.csproj", "{F21FEF5D-D524-4182-A675-E31428EAB0CB}"
EndProject
Project("{2150E333-8FDC-42A3-9474-1A3956D46DE8}") = "Basket", "Basket", "{228A3493-D0E5-420C-99BD-32B6791F5393}"
EndProject
Project("{2150E333-8FDC-42A3-9474-1A3956D46DE8}") = "Orders", "Orders", "{85EF9CFE-5C3D-4A5C-8FC2-E1DB9BBA4139}"
EndProject
Project("{FAE04EC0-301F-11D3-BF4B-00C04F79EFBC}") = "ECommerce.Basket.API", "src\Services\Basket\ECommerce.Basket.API\ECommerce.Basket.API.csproj", "{AD9F8702-8787-47E0-AB4D-54AC03CFDA4F}"
EndProject
Project("{FAE04EC0-301F-11D3-BF4B-00C04F79EFBC}") = "ECommerce.Basket.Infrastructure", "src\Services\Basket\ECommerce.Basket.Infrastructure\ECommerce.Basket.Infrastructure.csproj", "{F6C28ECA-7D0C-4433-A354-896F492D0102}"
EndProject
Project("{FAE04EC0-301F-11D3-BF4B-00C04F79EFBC}") = "ECommerce.Basket.Application", "src\Services\Basket\ECommerce.Basket.Application\ECommerce.Basket.Application.csproj", "{4A58FB97-BBB2-41D7-9437-3318405C650B}"
EndProject
Project("{FAE04EC0-301F-11D3-BF4B-00C04F79EFBC}") = "ECommerce.Basket.Domain", "src\Services\Basket\ECommerce.Basket.Domain\ECommerce.Basket.Domain.csproj", "{3D78F355-CC9B-4B39-9FCC-5FBE9A45F7A4}"
EndProject
Project("{FAE04EC0-301F-11D3-BF4B-00C04F79EFBC}") = "ECommerce.EventBus", "src\Shared\ECommerce.EventBus\ECommerce.EventBus.csproj", "{49BBEAFC-D9C0-4B62-BFBF-FD1E45640191}"
EndProject
Project("{FAE04EC0-301F-11D3-BF4B-00C04F79EFBC}") = "ECommerce.Orders.API", "src\Services\Orders\ECommerce.Orders.API\ECommerce.Orders.API.csproj", "{994936C9-BD58-4D6F-BBE2-5A6BBC8657EF}"
EndProject
Project("{FAE04EC0-301F-11D3-BF4B-00C04F79EFBC}") = "ECommerce.Orders.Infrastructure", "src\Services\Orders\ECommerce.Orders.Infrastructure\ECommerce.Orders.Infrastructure.csproj", "{F5C869B3-E1ED-4ED7-BC52-6AC3F38D57C8}"
EndProject
Project("{2150E333-8FDC-42A3-9474-1A3956D46DE8}") = "Stocks", "Stocks", "{D167A4EE-71C8-4EE0-B75D-D9199B747B58}"
EndProject
Project("{FAE04EC0-301F-11D3-BF4B-00C04F79EFBC}") = "ECommerce.Stocks.API", "src\Services\Stocks\ECommerce.Stocks.API\ECommerce.Stocks.API.csproj", "{ABFBC957-9545-4B54-86C3-198ADDF14114}"
EndProject
Project("{2150E333-8FDC-42A3-9474-1A3956D46DE8}") = "Payment", "Payment", "{D71A5D2D-56CE-4F19-8474-925624F6237C}"
EndProject
Project("{FAE04EC0-301F-11D3-BF4B-00C04F79EFBC}") = "ECommerce.Payment.API", "src\Services\Payment\ECommerce.Payment.API\ECommerce.Payment.API.csproj", "{B19CAA25-188A-4CBC-BD41-2EF8F1D7F59D}"
EndProject
Project("{2150E333-8FDC-42A3-9474-1A3956D46DE8}") = "Identity", "Identity", "{30A8605C-93EB-4AE3-B5E2-6711E75D9410}"
EndProject
Project("{FAE04EC0-301F-11D3-BF4B-00C04F79EFBC}") = "ECommerce.Identity.Domain", "src\Services\Identity\ECommerce.Identity.Domain\ECommerce.Identity.Domain.csproj", "{90A9F349-D85E-466A-A7C6-9CDF093578E8}"
EndProject
Project("{FAE04EC0-301F-11D3-BF4B-00C04F79EFBC}") = "ECommerce.Identity.Application", "src\Services\Identity\ECommerce.Identity.Application\ECommerce.Identity.Application.csproj", "{521166BF-C10C-41ED-8790-E4D34E74177D}"
EndProject
Project("{FAE04EC0-301F-11D3-BF4B-00C04F79EFBC}") = "ECommerce.Identity.Infrastructure", "src\Services\Identity\ECommerce.Identity.Infrastructure\ECommerce.Identity.Infrastructure.csproj", "{A685F06E-3F3E-4AEC-8186-214DAC7B1F84}"
EndProject
Project("{FAE04EC0-301F-11D3-BF4B-00C04F79EFBC}") = "ECommerce.Identity.API", "src\Services\Identity\ECommerce.Identity.API\ECommerce.Identity.API.csproj", "{209AAF9D-53C9-4016-AB45-FA4975D2C032}"
EndProject
Project("{2150E333-8FDC-42A3-9474-1A3956D46DE8}") = "ApiGateway", "ApiGateway", "{AA30B05F-43E9-41A7-B171-52A142CE6BCE}"
EndProject
Project("{FAE04EC0-301F-11D3-BF4B-00C04F79EFBC}") = "ECommerce.ApiGateway.YARP", "src\ApiGateway\ECommerce.ApiGateway.YARP\ECommerce.ApiGateway.YARP.csproj", "{F7CD93A3-0EF1-4679-9223-53172DDA428B}"
EndProject
Project("{E53339B2-1760-4266-BCC7-CA923CBCF16C}") = "docker-compose", "docker-compose.dcproj", "{0F9B7AE7-EBBB-4009-9CE5-2D1F2DA42740}"
EndProject
Global
	GlobalSection(SolutionConfigurationPlatforms) = preSolution
		Debug|Any CPU = Debug|Any CPU
		Release|Any CPU = Release|Any CPU
	EndGlobalSection
	GlobalSection(ProjectConfigurationPlatforms) = postSolution
		{9643ACDA-5CB7-4083-B5C3-58C579F8F7C5}.Debug|Any CPU.ActiveCfg = Debug|Any CPU
		{9643ACDA-5CB7-4083-B5C3-58C579F8F7C5}.Debug|Any CPU.Build.0 = Debug|Any CPU
		{9643ACDA-5CB7-4083-B5C3-58C579F8F7C5}.Release|Any CPU.ActiveCfg = Release|Any CPU
		{9643ACDA-5CB7-4083-B5C3-58C579F8F7C5}.Release|Any CPU.Build.0 = Release|Any CPU
		{98A44AF3-1B89-44BC-840A-E69092B392A6}.Debug|Any CPU.ActiveCfg = Debug|Any CPU
		{98A44AF3-1B89-44BC-840A-E69092B392A6}.Debug|Any CPU.Build.0 = Debug|Any CPU
		{98A44AF3-1B89-44BC-840A-E69092B392A6}.Release|Any CPU.ActiveCfg = Release|Any CPU
		{98A44AF3-1B89-44BC-840A-E69092B392A6}.Release|Any CPU.Build.0 = Release|Any CPU
		{8B314F92-5EF8-42C9-81A5-38DEBF1B5EAB}.Debug|Any CPU.ActiveCfg = Debug|Any CPU
		{8B314F92-5EF8-42C9-81A5-38DEBF1B5EAB}.Debug|Any CPU.Build.0 = Debug|Any CPU
		{8B314F92-5EF8-42C9-81A5-38DEBF1B5EAB}.Release|Any CPU.ActiveCfg = Release|Any CPU
		{8B314F92-5EF8-42C9-81A5-38DEBF1B5EAB}.Release|Any CPU.Build.0 = Release|Any CPU
		{61BE23FF-8AD1-44FF-ABCA-8B14E0AF3131}.Debug|Any CPU.ActiveCfg = Debug|Any CPU
		{61BE23FF-8AD1-44FF-ABCA-8B14E0AF3131}.Debug|Any CPU.Build.0 = Debug|Any CPU
		{61BE23FF-8AD1-44FF-ABCA-8B14E0AF3131}.Release|Any CPU.ActiveCfg = Release|Any CPU
		{61BE23FF-8AD1-44FF-ABCA-8B14E0AF3131}.Release|Any CPU.Build.0 = Release|Any CPU
		{F21FEF5D-D524-4182-A675-E31428EAB0CB}.Debug|Any CPU.ActiveCfg = Debug|Any CPU
		{F21FEF5D-D524-4182-A675-E31428EAB0CB}.Debug|Any CPU.Build.0 = Debug|Any CPU
		{F21FEF5D-D524-4182-A675-E31428EAB0CB}.Release|Any CPU.ActiveCfg = Release|Any CPU
		{F21FEF5D-D524-4182-A675-E31428EAB0CB}.Release|Any CPU.Build.0 = Release|Any CPU
		{AD9F8702-8787-47E0-AB4D-54AC03CFDA4F}.Debug|Any CPU.ActiveCfg = Debug|Any CPU
		{AD9F8702-8787-47E0-AB4D-54AC03CFDA4F}.Debug|Any CPU.Build.0 = Debug|Any CPU
		{AD9F8702-8787-47E0-AB4D-54AC03CFDA4F}.Release|Any CPU.ActiveCfg = Release|Any CPU
		{AD9F8702-8787-47E0-AB4D-54AC03CFDA4F}.Release|Any CPU.Build.0 = Release|Any CPU
		{F6C28ECA-7D0C-4433-A354-896F492D0102}.Debug|Any CPU.ActiveCfg = Debug|Any CPU
		{F6C28ECA-7D0C-4433-A354-896F492D0102}.Debug|Any CPU.Build.0 = Debug|Any CPU
		{F6C28ECA-7D0C-4433-A354-896F492D0102}.Release|Any CPU.ActiveCfg = Release|Any CPU
		{F6C28ECA-7D0C-4433-A354-896F492D0102}.Release|Any CPU.Build.0 = Release|Any CPU
		{4A58FB97-BBB2-41D7-9437-3318405C650B}.Debug|Any CPU.ActiveCfg = Debug|Any CPU
		{4A58FB97-BBB2-41D7-9437-3318405C650B}.Debug|Any CPU.Build.0 = Debug|Any CPU
		{4A58FB97-BBB2-41D7-9437-3318405C650B}.Release|Any CPU.ActiveCfg = Release|Any CPU
		{4A58FB97-BBB2-41D7-9437-3318405C650B}.Release|Any CPU.Build.0 = Release|Any CPU
		{3D78F355-CC9B-4B39-9FCC-5FBE9A45F7A4}.Debug|Any CPU.ActiveCfg = Debug|Any CPU
		{3D78F355-CC9B-4B39-9FCC-5FBE9A45F7A4}.Debug|Any CPU.Build.0 = Debug|Any CPU
		{3D78F355-CC9B-4B39-9FCC-5FBE9A45F7A4}.Release|Any CPU.ActiveCfg = Release|Any CPU
		{3D78F355-CC9B-4B39-9FCC-5FBE9A45F7A4}.Release|Any CPU.Build.0 = Release|Any CPU
		{49BBEAFC-D9C0-4B62-BFBF-FD1E45640191}.Debug|Any CPU.ActiveCfg = Debug|Any CPU
		{49BBEAFC-D9C0-4B62-BFBF-FD1E45640191}.Debug|Any CPU.Build.0 = Debug|Any CPU
		{49BBEAFC-D9C0-4B62-BFBF-FD1E45640191}.Release|Any CPU.ActiveCfg = Release|Any CPU
		{49BBEAFC-D9C0-4B62-BFBF-FD1E45640191}.Release|Any CPU.Build.0 = Release|Any CPU
		{994936C9-BD58-4D6F-BBE2-5A6BBC8657EF}.Debug|Any CPU.ActiveCfg = Debug|Any CPU
		{994936C9-BD58-4D6F-BBE2-5A6BBC8657EF}.Debug|Any CPU.Build.0 = Debug|Any CPU
		{994936C9-BD58-4D6F-BBE2-5A6BBC8657EF}.Release|Any CPU.ActiveCfg = Release|Any CPU
		{994936C9-BD58-4D6F-BBE2-5A6BBC8657EF}.Release|Any CPU.Build.0 = Release|Any CPU
		{F5C869B3-E1ED-4ED7-BC52-6AC3F38D57C8}.Debug|Any CPU.ActiveCfg = Debug|Any CPU
		{F5C869B3-E1ED-4ED7-BC52-6AC3F38D57C8}.Debug|Any CPU.Build.0 = Debug|Any CPU
		{F5C869B3-E1ED-4ED7-BC52-6AC3F38D57C8}.Release|Any CPU.ActiveCfg = Release|Any CPU
		{F5C869B3-E1ED-4ED7-BC52-6AC3F38D57C8}.Release|Any CPU.Build.0 = Release|Any CPU
		{ABFBC957-9545-4B54-86C3-198ADDF14114}.Debug|Any CPU.ActiveCfg = Debug|Any CPU
		{ABFBC957-9545-4B54-86C3-198ADDF14114}.Debug|Any CPU.Build.0 = Debug|Any CPU
		{ABFBC957-9545-4B54-86C3-198ADDF14114}.Release|Any CPU.ActiveCfg = Release|Any CPU
		{ABFBC957-9545-4B54-86C3-198ADDF14114}.Release|Any CPU.Build.0 = Release|Any CPU
		{B19CAA25-188A-4CBC-BD41-2EF8F1D7F59D}.Debug|Any CPU.ActiveCfg = Debug|Any CPU
		{B19CAA25-188A-4CBC-BD41-2EF8F1D7F59D}.Debug|Any CPU.Build.0 = Debug|Any CPU
		{B19CAA25-188A-4CBC-BD41-2EF8F1D7F59D}.Release|Any CPU.ActiveCfg = Release|Any CPU
		{B19CAA25-188A-4CBC-BD41-2EF8F1D7F59D}.Release|Any CPU.Build.0 = Release|Any CPU
		{90A9F349-D85E-466A-A7C6-9CDF093578E8}.Debug|Any CPU.ActiveCfg = Debug|Any CPU
		{90A9F349-D85E-466A-A7C6-9CDF093578E8}.Debug|Any CPU.Build.0 = Debug|Any CPU
		{90A9F349-D85E-466A-A7C6-9CDF093578E8}.Release|Any CPU.ActiveCfg = Release|Any CPU
		{90A9F349-D85E-466A-A7C6-9CDF093578E8}.Release|Any CPU.Build.0 = Release|Any CPU
		{521166BF-C10C-41ED-8790-E4D34E74177D}.Debug|Any CPU.ActiveCfg = Debug|Any CPU
		{521166BF-C10C-41ED-8790-E4D34E74177D}.Debug|Any CPU.Build.0 = Debug|Any CPU
		{521166BF-C10C-41ED-8790-E4D34E74177D}.Release|Any CPU.ActiveCfg = Release|Any CPU
		{521166BF-C10C-41ED-8790-E4D34E74177D}.Release|Any CPU.Build.0 = Release|Any CPU
		{A685F06E-3F3E-4AEC-8186-214DAC7B1F84}.Debug|Any CPU.ActiveCfg = Debug|Any CPU
		{A685F06E-3F3E-4AEC-8186-214DAC7B1F84}.Debug|Any CPU.Build.0 = Debug|Any CPU
		{A685F06E-3F3E-4AEC-8186-214DAC7B1F84}.Release|Any CPU.ActiveCfg = Release|Any CPU
		{A685F06E-3F3E-4AEC-8186-214DAC7B1F84}.Release|Any CPU.Build.0 = Release|Any CPU
		{209AAF9D-53C9-4016-AB45-FA4975D2C032}.Debug|Any CPU.ActiveCfg = Debug|Any CPU
		{209AAF9D-53C9-4016-AB45-FA4975D2C032}.Debug|Any CPU.Build.0 = Debug|Any CPU
		{209AAF9D-53C9-4016-AB45-FA4975D2C032}.Release|Any CPU.ActiveCfg = Release|Any CPU
		{209AAF9D-53C9-4016-AB45-FA4975D2C032}.Release|Any CPU.Build.0 = Release|Any CPU
		{F7CD93A3-0EF1-4679-9223-53172DDA428B}.Debug|Any CPU.ActiveCfg = Debug|Any CPU
		{F7CD93A3-0EF1-4679-9223-53172DDA428B}.Debug|Any CPU.Build.0 = Debug|Any CPU
		{F7CD93A3-0EF1-4679-9223-53172DDA428B}.Release|Any CPU.ActiveCfg = Release|Any CPU
		{F7CD93A3-0EF1-4679-9223-53172DDA428B}.Release|Any CPU.Build.0 = Release|Any CPU
		{0F9B7AE7-EBBB-4009-9CE5-2D1F2DA42740}.Debug|Any CPU.ActiveCfg = Debug|Any CPU
		{0F9B7AE7-EBBB-4009-9CE5-2D1F2DA42740}.Debug|Any CPU.Build.0 = Debug|Any CPU
		{0F9B7AE7-EBBB-4009-9CE5-2D1F2DA42740}.Release|Any CPU.ActiveCfg = Release|Any CPU
		{0F9B7AE7-EBBB-4009-9CE5-2D1F2DA42740}.Release|Any CPU.Build.0 = Release|Any CPU
	EndGlobalSection
	GlobalSection(SolutionProperties) = preSolution
		HideSolutionNode = FALSE
	EndGlobalSection
	GlobalSection(NestedProjects) = preSolution
		{9643ACDA-5CB7-4083-B5C3-58C579F8F7C5} = {5F28757E-C718-44EF-8760-34A79AF90951}
		{C55BFF1D-F87E-41AE-8D48-6BC19A90F22C} = {A8C45541-2482-4977-AD90-790A86494D8E}
		{98A44AF3-1B89-44BC-840A-E69092B392A6} = {C55BFF1D-F87E-41AE-8D48-6BC19A90F22C}
		{8B314F92-5EF8-42C9-81A5-38DEBF1B5EAB} = {C55BFF1D-F87E-41AE-8D48-6BC19A90F22C}
		{61BE23FF-8AD1-44FF-ABCA-8B14E0AF3131} = {C55BFF1D-F87E-41AE-8D48-6BC19A90F22C}
		{F21FEF5D-D524-4182-A675-E31428EAB0CB} = {C55BFF1D-F87E-41AE-8D48-6BC19A90F22C}
		{228A3493-D0E5-420C-99BD-32B6791F5393} = {A8C45541-2482-4977-AD90-790A86494D8E}
		{85EF9CFE-5C3D-4A5C-8FC2-E1DB9BBA4139} = {A8C45541-2482-4977-AD90-790A86494D8E}
		{AD9F8702-8787-47E0-AB4D-54AC03CFDA4F} = {228A3493-D0E5-420C-99BD-32B6791F5393}
		{F6C28ECA-7D0C-4433-A354-896F492D0102} = {228A3493-D0E5-420C-99BD-32B6791F5393}
		{4A58FB97-BBB2-41D7-9437-3318405C650B} = {228A3493-D0E5-420C-99BD-32B6791F5393}
		{3D78F355-CC9B-4B39-9FCC-5FBE9A45F7A4} = {228A3493-D0E5-420C-99BD-32B6791F5393}
		{49BBEAFC-D9C0-4B62-BFBF-FD1E45640191} = {5F28757E-C718-44EF-8760-34A79AF90951}
		{994936C9-BD58-4D6F-BBE2-5A6BBC8657EF} = {85EF9CFE-5C3D-4A5C-8FC2-E1DB9BBA4139}
		{F5C869B3-E1ED-4ED7-BC52-6AC3F38D57C8} = {85EF9CFE-5C3D-4A5C-8FC2-E1DB9BBA4139}
		{D167A4EE-71C8-4EE0-B75D-D9199B747B58} = {A8C45541-2482-4977-AD90-790A86494D8E}
		{ABFBC957-9545-4B54-86C3-198ADDF14114} = {D167A4EE-71C8-4EE0-B75D-D9199B747B58}
		{D71A5D2D-56CE-4F19-8474-925624F6237C} = {A8C45541-2482-4977-AD90-790A86494D8E}
		{B19CAA25-188A-4CBC-BD41-2EF8F1D7F59D} = {D71A5D2D-56CE-4F19-8474-925624F6237C}
		{30A8605C-93EB-4AE3-B5E2-6711E75D9410} = {A8C45541-2482-4977-AD90-790A86494D8E}
		{90A9F349-D85E-466A-A7C6-9CDF093578E8} = {30A8605C-93EB-4AE3-B5E2-6711E75D9410}
		{521166BF-C10C-41ED-8790-E4D34E74177D} = {30A8605C-93EB-4AE3-B5E2-6711E75D9410}
		{A685F06E-3F3E-4AEC-8186-214DAC7B1F84} = {30A8605C-93EB-4AE3-B5E2-6711E75D9410}
		{209AAF9D-53C9-4016-AB45-FA4975D2C032} = {30A8605C-93EB-4AE3-B5E2-6711E75D9410}
		{F7CD93A3-0EF1-4679-9223-53172DDA428B} = {AA30B05F-43E9-41A7-B171-52A142CE6BCE}
	EndGlobalSection
EndGlobal
